// !$*UTF8*$!
{
	archiveVersion = 1;
	classes = {
	};
	objectVersion = 46;
	objects = {

/* Begin PBXBuildFile section */
		13D34A4023D89C491BBEB6AE /* libPods-Traffic.a in Frameworks */ = {isa = PBXBuildFile; fileRef = 9C4A6C5E5F7D53EF92B101C6 /* libPods-Traffic.a */; };
		2E223C5C9B1CD6A40411B7F2 /* libPods-TrafficTests.a in Frameworks */ = {isa = PBXBuildFile; fileRef = DF5F208069F972F9D60E27A0 /* libPods-TrafficTests.a */; };
		5B266F8E1CFB920E003A3715 /* Traffic.h in Headers */ = {isa = PBXBuildFile; fileRef = 5B266F8D1CFB920E003A3715 /* Traffic.h */; settings = {ATTRIBUTES = (Public, ); }; };
		5B266F951CFB920E003A3715 /* Traffic.framework in Frameworks */ = {isa = PBXBuildFile; fileRef = 5B266F8A1CFB920E003A3715 /* Traffic.framework */; };
		5B266FD61CFB9598003A3715 /* TRFRoute.h in Headers */ = {isa = PBXBuildFile; fileRef = 5B266FCE1CFB9598003A3715 /* TRFRoute.h */; };
		5B266FD71CFB9598003A3715 /* TRFRoute.m in Sources */ = {isa = PBXBuildFile; fileRef = 5B266FCF1CFB9598003A3715 /* TRFRoute.m */; };
		5B266FD81CFB9598003A3715 /* TRFRouteHandler.h in Headers */ = {isa = PBXBuildFile; fileRef = 5B266FD01CFB9598003A3715 /* TRFRouteHandler.h */; };
		5B266FD91CFB9598003A3715 /* TRFRouteHandler.m in Sources */ = {isa = PBXBuildFile; fileRef = 5B266FD11CFB9598003A3715 /* TRFRouteHandler.m */; };
		5B266FDA1CFB9598003A3715 /* TRFUIRouter.h in Headers */ = {isa = PBXBuildFile; fileRef = 5B266FD21CFB9598003A3715 /* TRFUIRouter.h */; };
		5B266FDB1CFB9598003A3715 /* TRFUIRouter.m in Sources */ = {isa = PBXBuildFile; fileRef = 5B266FD31CFB9598003A3715 /* TRFUIRouter.m */; };
		5B266FDC1CFB9598003A3715 /* TRFViewControllerRouteHandler.h in Headers */ = {isa = PBXBuildFile; fileRef = 5B266FD41CFB9598003A3715 /* TRFViewControllerRouteHandler.h */; };
		5B266FDD1CFB9598003A3715 /* TRFViewControllerRouteHandler.m in Sources */ = {isa = PBXBuildFile; fileRef = 5B266FD51CFB9598003A3715 /* TRFViewControllerRouteHandler.m */; };
		5B266FE01CFB96E0003A3715 /* NSURL+TRFRoute.h in Headers */ = {isa = PBXBuildFile; fileRef = 5B266FDE1CFB96E0003A3715 /* NSURL+TRFRoute.h */; };
		5B266FE11CFB96E0003A3715 /* NSURL+TRFRoute.m in Sources */ = {isa = PBXBuildFile; fileRef = 5B266FDF1CFB96E0003A3715 /* NSURL+TRFRoute.m */; };
		5B266FE31CFBA254003A3715 /* TRFRouteTests.m in Sources */ = {isa = PBXBuildFile; fileRef = 5B266F991CFB920E003A3715 /* TRFRouteTests.m */; };
		5B266FEA1CFF9FEF003A3715 /* NSURLTRFRouteTests.m in Sources */ = {isa = PBXBuildFile; fileRef = 5B266FE81CFF9F5B003A3715 /* NSURLTRFRouteTests.m */; };
		5B3D9F5D1D022C75004B76E3 /* TRFRouteHandlerTests.m in Sources */ = {isa = PBXBuildFile; fileRef = 5B3D9F5C1D022C75004B76E3 /* TRFRouteHandlerTests.m */; };
		5B3D9F5F1D022FAE004B76E3 /* TRFViewControllerRouteHandlerTests.m in Sources */ = {isa = PBXBuildFile; fileRef = 5B3D9F5E1D022FAE004B76E3 /* TRFViewControllerRouteHandlerTests.m */; };
		5B668DAD1D6EE421008769D3 /* TRFIntent.h in Headers */ = {isa = PBXBuildFile; fileRef = 5B668DAB1D6EE421008769D3 /* TRFIntent.h */; };
		5B668DAE1D6EE421008769D3 /* TRFIntent.m in Sources */ = {isa = PBXBuildFile; fileRef = 5B668DAC1D6EE421008769D3 /* TRFIntent.m */; };
		5B668DB11D6EE919008769D3 /* TRFViewControllerIntent.h in Headers */ = {isa = PBXBuildFile; fileRef = 5B668DAF1D6EE919008769D3 /* TRFViewControllerIntent.h */; };
		5B668DB21D6EE919008769D3 /* TRFViewControllerIntent.m in Sources */ = {isa = PBXBuildFile; fileRef = 5B668DB01D6EE919008769D3 /* TRFViewControllerIntent.m */; };
		5B8AB5C51D02CC9F0072DEA4 /* UIWindowTRFViewControllerPresentingTests.m in Sources */ = {isa = PBXBuildFile; fileRef = 5B8AB5C41D02CC9F0072DEA4 /* UIWindowTRFViewControllerPresentingTests.m */; };
		5B8AB5C71D03108B0072DEA4 /* TRFUIRouterTests.m in Sources */ = {isa = PBXBuildFile; fileRef = 5B8AB5C61D03108B0072DEA4 /* TRFUIRouterTests.m */; };
		DE806A1C1D41286C003B64EA /* NSURL+TRFRoutePrivate.h in Headers */ = {isa = PBXBuildFile; fileRef = DE806A1B1D41286C003B64EA /* NSURL+TRFRoutePrivate.h */; };
		DE9BE2A21D7045FF005DF9B1 /* TRFExternalLaunchInfo.h in Headers */ = {isa = PBXBuildFile; fileRef = DE9BE2A01D7045FF005DF9B1 /* TRFExternalLaunchInfo.h */; };
		DE9BE2A31D704600005DF9B1 /* TRFExternalLaunchInfo.m in Sources */ = {isa = PBXBuildFile; fileRef = DE9BE2A11D7045FF005DF9B1 /* TRFExternalLaunchInfo.m */; };
/* End PBXBuildFile section */

/* Begin PBXContainerItemProxy section */
		5B266F961CFB920E003A3715 /* PBXContainerItemProxy */ = {
			isa = PBXContainerItemProxy;
			containerPortal = 5B266F811CFB920E003A3715 /* Project object */;
			proxyType = 1;
			remoteGlobalIDString = 5B266F891CFB920E003A3715;
			remoteInfo = Traffic;
		};
/* End PBXContainerItemProxy section */

/* Begin PBXFileReference section */
		523FF721C25AA488598387FF /* Pods-Traffic.debug.xcconfig */ = {isa = PBXFileReference; includeInIndex = 1; lastKnownFileType = text.xcconfig; name = "Pods-Traffic.debug.xcconfig"; path = "Pods/Target Support Files/Pods-Traffic/Pods-Traffic.debug.xcconfig"; sourceTree = "<group>"; };
		5B266F8A1CFB920E003A3715 /* Traffic.framework */ = {isa = PBXFileReference; explicitFileType = wrapper.framework; includeInIndex = 0; path = Traffic.framework; sourceTree = BUILT_PRODUCTS_DIR; };
		5B266F8D1CFB920E003A3715 /* Traffic.h */ = {isa = PBXFileReference; lastKnownFileType = sourcecode.c.h; path = Traffic.h; sourceTree = "<group>"; };
		5B266F8F1CFB920E003A3715 /* Info.plist */ = {isa = PBXFileReference; lastKnownFileType = text.plist.xml; path = Info.plist; sourceTree = "<group>"; };
		5B266F941CFB920E003A3715 /* TrafficTests.xctest */ = {isa = PBXFileReference; explicitFileType = wrapper.cfbundle; includeInIndex = 0; path = TrafficTests.xctest; sourceTree = BUILT_PRODUCTS_DIR; };
		5B266F991CFB920E003A3715 /* TRFRouteTests.m */ = {isa = PBXFileReference; lastKnownFileType = sourcecode.c.objc; path = TRFRouteTests.m; sourceTree = "<group>"; };
		5B266F9B1CFB920E003A3715 /* Info.plist */ = {isa = PBXFileReference; lastKnownFileType = text.plist.xml; path = Info.plist; sourceTree = "<group>"; };
		5B266FCE1CFB9598003A3715 /* TRFRoute.h */ = {isa = PBXFileReference; fileEncoding = 4; lastKnownFileType = sourcecode.c.h; path = TRFRoute.h; sourceTree = "<group>"; };
		5B266FCF1CFB9598003A3715 /* TRFRoute.m */ = {isa = PBXFileReference; fileEncoding = 4; lastKnownFileType = sourcecode.c.objc; path = TRFRoute.m; sourceTree = "<group>"; };
		5B266FD01CFB9598003A3715 /* TRFRouteHandler.h */ = {isa = PBXFileReference; fileEncoding = 4; lastKnownFileType = sourcecode.c.h; path = TRFRouteHandler.h; sourceTree = "<group>"; };
		5B266FD11CFB9598003A3715 /* TRFRouteHandler.m */ = {isa = PBXFileReference; fileEncoding = 4; lastKnownFileType = sourcecode.c.objc; path = TRFRouteHandler.m; sourceTree = "<group>"; };
		5B266FD21CFB9598003A3715 /* TRFUIRouter.h */ = {isa = PBXFileReference; fileEncoding = 4; lastKnownFileType = sourcecode.c.h; path = TRFUIRouter.h; sourceTree = "<group>"; };
		5B266FD31CFB9598003A3715 /* TRFUIRouter.m */ = {isa = PBXFileReference; fileEncoding = 4; lastKnownFileType = sourcecode.c.objc; path = TRFUIRouter.m; sourceTree = "<group>"; };
		5B266FD41CFB9598003A3715 /* TRFViewControllerRouteHandler.h */ = {isa = PBXFileReference; fileEncoding = 4; lastKnownFileType = sourcecode.c.h; path = TRFViewControllerRouteHandler.h; sourceTree = "<group>"; };
		5B266FD51CFB9598003A3715 /* TRFViewControllerRouteHandler.m */ = {isa = PBXFileReference; fileEncoding = 4; lastKnownFileType = sourcecode.c.objc; path = TRFViewControllerRouteHandler.m; sourceTree = "<group>"; };
		5B266FDE1CFB96E0003A3715 /* NSURL+TRFRoute.h */ = {isa = PBXFileReference; fileEncoding = 4; lastKnownFileType = sourcecode.c.h; path = "NSURL+TRFRoute.h"; sourceTree = "<group>"; };
		5B266FDF1CFB96E0003A3715 /* NSURL+TRFRoute.m */ = {isa = PBXFileReference; fileEncoding = 4; lastKnownFileType = sourcecode.c.objc; path = "NSURL+TRFRoute.m"; sourceTree = "<group>"; };
		5B266FE81CFF9F5B003A3715 /* NSURLTRFRouteTests.m */ = {isa = PBXFileReference; fileEncoding = 4; lastKnownFileType = sourcecode.c.objc; path = NSURLTRFRouteTests.m; sourceTree = "<group>"; };
		5B3D9F5C1D022C75004B76E3 /* TRFRouteHandlerTests.m */ = {isa = PBXFileReference; fileEncoding = 4; lastKnownFileType = sourcecode.c.objc; path = TRFRouteHandlerTests.m; sourceTree = "<group>"; };
		5B3D9F5E1D022FAE004B76E3 /* TRFViewControllerRouteHandlerTests.m */ = {isa = PBXFileReference; fileEncoding = 4; lastKnownFileType = sourcecode.c.objc; path = TRFViewControllerRouteHandlerTests.m; sourceTree = "<group>"; };
		5B668DAB1D6EE421008769D3 /* TRFIntent.h */ = {isa = PBXFileReference; fileEncoding = 4; lastKnownFileType = sourcecode.c.h; path = TRFIntent.h; sourceTree = "<group>"; };
		5B668DAC1D6EE421008769D3 /* TRFIntent.m */ = {isa = PBXFileReference; fileEncoding = 4; lastKnownFileType = sourcecode.c.objc; path = TRFIntent.m; sourceTree = "<group>"; };
		5B668DAF1D6EE919008769D3 /* TRFViewControllerIntent.h */ = {isa = PBXFileReference; fileEncoding = 4; lastKnownFileType = sourcecode.c.h; path = TRFViewControllerIntent.h; sourceTree = "<group>"; };
		5B668DB01D6EE919008769D3 /* TRFViewControllerIntent.m */ = {isa = PBXFileReference; fileEncoding = 4; lastKnownFileType = sourcecode.c.objc; path = TRFViewControllerIntent.m; sourceTree = "<group>"; };
		5B8AB5C41D02CC9F0072DEA4 /* UIWindowTRFViewControllerPresentingTests.m */ = {isa = PBXFileReference; fileEncoding = 4; lastKnownFileType = sourcecode.c.objc; path = UIWindowTRFViewControllerPresentingTests.m; sourceTree = "<group>"; };
		5B8AB5C61D03108B0072DEA4 /* TRFUIRouterTests.m */ = {isa = PBXFileReference; fileEncoding = 4; lastKnownFileType = sourcecode.c.objc; path = TRFUIRouterTests.m; sourceTree = "<group>"; };
		7294690AF0C242B378E24F2D /* Pods-Traffic.release.xcconfig */ = {isa = PBXFileReference; includeInIndex = 1; lastKnownFileType = text.xcconfig; name = "Pods-Traffic.release.xcconfig"; path = "Pods/Target Support Files/Pods-Traffic/Pods-Traffic.release.xcconfig"; sourceTree = "<group>"; };
		9C4A6C5E5F7D53EF92B101C6 /* libPods-Traffic.a */ = {isa = PBXFileReference; explicitFileType = archive.ar; includeInIndex = 0; path = "libPods-Traffic.a"; sourceTree = BUILT_PRODUCTS_DIR; };
		CBE18E54650FAC94B805BF10 /* Pods-TrafficTests.debug.xcconfig */ = {isa = PBXFileReference; includeInIndex = 1; lastKnownFileType = text.xcconfig; name = "Pods-TrafficTests.debug.xcconfig"; path = "Pods/Target Support Files/Pods-TrafficTests/Pods-TrafficTests.debug.xcconfig"; sourceTree = "<group>"; };
		DCF502E60C3A050EC4D278C0 /* Pods-TrafficTests.release.xcconfig */ = {isa = PBXFileReference; includeInIndex = 1; lastKnownFileType = text.xcconfig; name = "Pods-TrafficTests.release.xcconfig"; path = "Pods/Target Support Files/Pods-TrafficTests/Pods-TrafficTests.release.xcconfig"; sourceTree = "<group>"; };
		DE806A1B1D41286C003B64EA /* NSURL+TRFRoutePrivate.h */ = {isa = PBXFileReference; fileEncoding = 4; lastKnownFileType = sourcecode.c.h; path = "NSURL+TRFRoutePrivate.h"; sourceTree = "<group>"; };
		DE9BE2A01D7045FF005DF9B1 /* TRFExternalLaunchInfo.h */ = {isa = PBXFileReference; fileEncoding = 4; lastKnownFileType = sourcecode.c.h; path = TRFExternalLaunchInfo.h; sourceTree = "<group>"; };
		DE9BE2A11D7045FF005DF9B1 /* TRFExternalLaunchInfo.m */ = {isa = PBXFileReference; fileEncoding = 4; lastKnownFileType = sourcecode.c.objc; path = TRFExternalLaunchInfo.m; sourceTree = "<group>"; };
		DF5F208069F972F9D60E27A0 /* libPods-TrafficTests.a */ = {isa = PBXFileReference; explicitFileType = archive.ar; includeInIndex = 0; path = "libPods-TrafficTests.a"; sourceTree = BUILT_PRODUCTS_DIR; };
/* End PBXFileReference section */

/* Begin PBXFrameworksBuildPhase section */
		5B266F861CFB920E003A3715 /* Frameworks */ = {
			isa = PBXFrameworksBuildPhase;
			buildActionMask = 2147483647;
			files = (
				13D34A4023D89C491BBEB6AE /* libPods-Traffic.a in Frameworks */,
			);
			runOnlyForDeploymentPostprocessing = 0;
		};
		5B266F911CFB920E003A3715 /* Frameworks */ = {
			isa = PBXFrameworksBuildPhase;
			buildActionMask = 2147483647;
			files = (
				5B266F951CFB920E003A3715 /* Traffic.framework in Frameworks */,
				2E223C5C9B1CD6A40411B7F2 /* libPods-TrafficTests.a in Frameworks */,
			);
			runOnlyForDeploymentPostprocessing = 0;
		};
/* End PBXFrameworksBuildPhase section */

/* Begin PBXGroup section */
		230C07D41E76F827742E2B06 /* Frameworks */ = {
			isa = PBXGroup;
			children = (
				9C4A6C5E5F7D53EF92B101C6 /* libPods-Traffic.a */,
				DF5F208069F972F9D60E27A0 /* libPods-TrafficTests.a */,
			);
			name = Frameworks;
			sourceTree = "<group>";
		};
		5B266F801CFB920E003A3715 = {
			isa = PBXGroup;
			children = (
				5B266FCD1CFB9598003A3715 /* Traffic */,
				DE806A1A1D41286C003B64EA /* Private */,
				5B266F8C1CFB920E003A3715 /* Framework */,
				5B266F981CFB920E003A3715 /* Tests */,
				5B266F8B1CFB920E003A3715 /* Products */,
				AD1B26E5DEBBD37672D6E822 /* Pods */,
				230C07D41E76F827742E2B06 /* Frameworks */,
			);
			sourceTree = "<group>";
		};
		5B266F8B1CFB920E003A3715 /* Products */ = {
			isa = PBXGroup;
			children = (
				5B266F8A1CFB920E003A3715 /* Traffic.framework */,
				5B266F941CFB920E003A3715 /* TrafficTests.xctest */,
			);
			name = Products;
			sourceTree = "<group>";
		};
		5B266F8C1CFB920E003A3715 /* Framework */ = {
			isa = PBXGroup;
			children = (
				5B266F8D1CFB920E003A3715 /* Traffic.h */,
				5B266F8F1CFB920E003A3715 /* Info.plist */,
			);
			path = Framework;
			sourceTree = "<group>";
		};
		5B266F981CFB920E003A3715 /* Tests */ = {
			isa = PBXGroup;
			children = (
				5B266F991CFB920E003A3715 /* TRFRouteTests.m */,
				5B266FE81CFF9F5B003A3715 /* NSURLTRFRouteTests.m */,
				5B3D9F5C1D022C75004B76E3 /* TRFRouteHandlerTests.m */,
				5B3D9F5E1D022FAE004B76E3 /* TRFViewControllerRouteHandlerTests.m */,
				5B8AB5C41D02CC9F0072DEA4 /* UIWindowTRFViewControllerPresentingTests.m */,
				5B8AB5C61D03108B0072DEA4 /* TRFUIRouterTests.m */,
				5B266F9B1CFB920E003A3715 /* Info.plist */,
			);
			path = Tests;
			sourceTree = "<group>";
		};
		5B266FCD1CFB9598003A3715 /* Traffic */ = {
			isa = PBXGroup;
			children = (
				DE9BE2AA1D70473E005DF9B1 /* Route Handlers */,
				DE9BE2A41D70465F005DF9B1 /* Intents */,
				5B266FDE1CFB96E0003A3715 /* NSURL+TRFRoute.h */,
				5B266FDF1CFB96E0003A3715 /* NSURL+TRFRoute.m */,
				5B266FCE1CFB9598003A3715 /* TRFRoute.h */,
				5B266FCF1CFB9598003A3715 /* TRFRoute.m */,
				5B266FD21CFB9598003A3715 /* TRFUIRouter.h */,
				5B266FD31CFB9598003A3715 /* TRFUIRouter.m */,
			);
			path = Traffic;
			sourceTree = "<group>";
		};
		AD1B26E5DEBBD37672D6E822 /* Pods */ = {
			isa = PBXGroup;
			children = (
				523FF721C25AA488598387FF /* Pods-Traffic.debug.xcconfig */,
				7294690AF0C242B378E24F2D /* Pods-Traffic.release.xcconfig */,
				CBE18E54650FAC94B805BF10 /* Pods-TrafficTests.debug.xcconfig */,
				DCF502E60C3A050EC4D278C0 /* Pods-TrafficTests.release.xcconfig */,
			);
			name = Pods;
			sourceTree = "<group>";
		};
		DE806A1A1D41286C003B64EA /* Private */ = {
			isa = PBXGroup;
			children = (
				DE806A1B1D41286C003B64EA /* NSURL+TRFRoutePrivate.h */,
			);
			path = Private;
			sourceTree = "<group>";
		};
		DE9BE2A41D70465F005DF9B1 /* Intents */ = {
			isa = PBXGroup;
			children = (
				5B668DAB1D6EE421008769D3 /* TRFIntent.h */,
				5B668DAC1D6EE421008769D3 /* TRFIntent.m */,
				5B668DAF1D6EE919008769D3 /* TRFViewControllerIntent.h */,
				5B668DB01D6EE919008769D3 /* TRFViewControllerIntent.m */,
				DE9BE2A01D7045FF005DF9B1 /* TRFExternalLaunchInfo.h */,
				DE9BE2A11D7045FF005DF9B1 /* TRFExternalLaunchInfo.m */,
			);
			name = Intents;
			sourceTree = "<group>";
		};
		DE9BE2AA1D70473E005DF9B1 /* Route Handlers */ = {
			isa = PBXGroup;
			children = (
				5B266FD01CFB9598003A3715 /* TRFRouteHandler.h */,
				5B266FD11CFB9598003A3715 /* TRFRouteHandler.m */,
				5B266FD41CFB9598003A3715 /* TRFViewControllerRouteHandler.h */,
				5B266FD51CFB9598003A3715 /* TRFViewControllerRouteHandler.m */,
			);
			name = "Route Handlers";
			sourceTree = "<group>";
		};
/* End PBXGroup section */

/* Begin PBXHeadersBuildPhase section */
		5B266F871CFB920E003A3715 /* Headers */ = {
			isa = PBXHeadersBuildPhase;
			buildActionMask = 2147483647;
			files = (
				5B266FE01CFB96E0003A3715 /* NSURL+TRFRoute.h in Headers */,
				5B266F8E1CFB920E003A3715 /* Traffic.h in Headers */,
				DE806A1C1D41286C003B64EA /* NSURL+TRFRoutePrivate.h in Headers */,
				5B668DB11D6EE919008769D3 /* TRFViewControllerIntent.h in Headers */,
				5B266FD81CFB9598003A3715 /* TRFRouteHandler.h in Headers */,
				5B668DAD1D6EE421008769D3 /* TRFIntent.h in Headers */,
				5B266FDA1CFB9598003A3715 /* TRFUIRouter.h in Headers */,
				5B266FD61CFB9598003A3715 /* TRFRoute.h in Headers */,
				5B266FDC1CFB9598003A3715 /* TRFViewControllerRouteHandler.h in Headers */,
				DE9BE2A21D7045FF005DF9B1 /* TRFExternalLaunchInfo.h in Headers */,
			);
			runOnlyForDeploymentPostprocessing = 0;
		};
/* End PBXHeadersBuildPhase section */

/* Begin PBXNativeTarget section */
		5B266F891CFB920E003A3715 /* Traffic */ = {
			isa = PBXNativeTarget;
			buildConfigurationList = 5B266F9E1CFB920E003A3715 /* Build configuration list for PBXNativeTarget "Traffic" */;
			buildPhases = (
				109C42A349739A67418EA060 /* [CP] Check Pods Manifest.lock */,
				5B266F851CFB920E003A3715 /* Sources */,
				5B266F861CFB920E003A3715 /* Frameworks */,
				5B266F871CFB920E003A3715 /* Headers */,
				5B266F881CFB920E003A3715 /* Resources */,
				DD2F159C8FBB50DB9B4F113A /* [CP] Copy Pods Resources */,
			);
			buildRules = (
			);
			dependencies = (
			);
			name = Traffic;
			productName = Traffic;
			productReference = 5B266F8A1CFB920E003A3715 /* Traffic.framework */;
			productType = "com.apple.product-type.framework";
		};
		5B266F931CFB920E003A3715 /* TrafficTests */ = {
			isa = PBXNativeTarget;
			buildConfigurationList = 5B266FA11CFB920E003A3715 /* Build configuration list for PBXNativeTarget "TrafficTests" */;
			buildPhases = (
				D904F46C7B6849DA8408EF13 /* [CP] Check Pods Manifest.lock */,
				5B266F901CFB920E003A3715 /* Sources */,
				5B266F911CFB920E003A3715 /* Frameworks */,
				5B266F921CFB920E003A3715 /* Resources */,
				3AFCFAA8F2B8314AA740371A /* [CP] Embed Pods Frameworks */,
				3EEFFFC60BB173B83BBAAF80 /* [CP] Copy Pods Resources */,
			);
			buildRules = (
			);
			dependencies = (
				5B266F971CFB920E003A3715 /* PBXTargetDependency */,
			);
			name = TrafficTests;
			productName = TrafficTests;
			productReference = 5B266F941CFB920E003A3715 /* TrafficTests.xctest */;
			productType = "com.apple.product-type.bundle.unit-test";
		};
/* End PBXNativeTarget section */

/* Begin PBXProject section */
		5B266F811CFB920E003A3715 /* Project object */ = {
			isa = PBXProject;
			attributes = {
				LastUpgradeCheck = 0800;
				ORGANIZATIONNAME = Cocoapps;
				TargetAttributes = {
					5B266F891CFB920E003A3715 = {
						CreatedOnToolsVersion = 7.3.1;
					};
					5B266F931CFB920E003A3715 = {
						CreatedOnToolsVersion = 7.3.1;
					};
				};
			};
			buildConfigurationList = 5B266F841CFB920E003A3715 /* Build configuration list for PBXProject "Traffic" */;
			compatibilityVersion = "Xcode 3.2";
			developmentRegion = English;
			hasScannedForEncodings = 0;
			knownRegions = (
				en,
			);
			mainGroup = 5B266F801CFB920E003A3715;
			productRefGroup = 5B266F8B1CFB920E003A3715 /* Products */;
			projectDirPath = "";
			projectRoot = "";
			targets = (
				5B266F891CFB920E003A3715 /* Traffic */,
				5B266F931CFB920E003A3715 /* TrafficTests */,
			);
		};
/* End PBXProject section */

/* Begin PBXResourcesBuildPhase section */
		5B266F881CFB920E003A3715 /* Resources */ = {
			isa = PBXResourcesBuildPhase;
			buildActionMask = 2147483647;
			files = (
			);
			runOnlyForDeploymentPostprocessing = 0;
		};
		5B266F921CFB920E003A3715 /* Resources */ = {
			isa = PBXResourcesBuildPhase;
			buildActionMask = 2147483647;
			files = (
			);
			runOnlyForDeploymentPostprocessing = 0;
		};
/* End PBXResourcesBuildPhase section */

/* Begin PBXShellScriptBuildPhase section */
		109C42A349739A67418EA060 /* [CP] Check Pods Manifest.lock */ = {
			isa = PBXShellScriptBuildPhase;
			buildActionMask = 2147483647;
			files = (
			);
			inputPaths = (
			);
			name = "[CP] Check Pods Manifest.lock";
			outputPaths = (
			);
			runOnlyForDeploymentPostprocessing = 0;
			shellPath = /bin/sh;
			shellScript = "diff \"${PODS_ROOT}/../Podfile.lock\" \"${PODS_ROOT}/Manifest.lock\" > /dev/null\nif [ $? != 0 ] ; then\n    # print error to STDERR\n    echo \"error: The sandbox is not in sync with the Podfile.lock. Run 'pod install' or update your CocoaPods installation.\" >&2\n    exit 1\nfi\n";
			showEnvVarsInLog = 0;
		};
		3AFCFAA8F2B8314AA740371A /* [CP] Embed Pods Frameworks */ = {
			isa = PBXShellScriptBuildPhase;
			buildActionMask = 2147483647;
			files = (
			);
			inputPaths = (
			);
			name = "[CP] Embed Pods Frameworks";
			outputPaths = (
			);
			runOnlyForDeploymentPostprocessing = 0;
			shellPath = /bin/sh;
			shellScript = "\"${SRCROOT}/Pods/Target Support Files/Pods-TrafficTests/Pods-TrafficTests-frameworks.sh\"\n";
			showEnvVarsInLog = 0;
		};
		3EEFFFC60BB173B83BBAAF80 /* [CP] Copy Pods Resources */ = {
			isa = PBXShellScriptBuildPhase;
			buildActionMask = 2147483647;
			files = (
			);
			inputPaths = (
			);
			name = "[CP] Copy Pods Resources";
			outputPaths = (
			);
			runOnlyForDeploymentPostprocessing = 0;
			shellPath = /bin/sh;
			shellScript = "\"${SRCROOT}/Pods/Target Support Files/Pods-TrafficTests/Pods-TrafficTests-resources.sh\"\n";
			showEnvVarsInLog = 0;
		};
		D904F46C7B6849DA8408EF13 /* [CP] Check Pods Manifest.lock */ = {
			isa = PBXShellScriptBuildPhase;
			buildActionMask = 2147483647;
			files = (
			);
			inputPaths = (
			);
			name = "[CP] Check Pods Manifest.lock";
			outputPaths = (
			);
			runOnlyForDeploymentPostprocessing = 0;
			shellPath = /bin/sh;
			shellScript = "diff \"${PODS_ROOT}/../Podfile.lock\" \"${PODS_ROOT}/Manifest.lock\" > /dev/null\nif [ $? != 0 ] ; then\n    # print error to STDERR\n    echo \"error: The sandbox is not in sync with the Podfile.lock. Run 'pod install' or update your CocoaPods installation.\" >&2\n    exit 1\nfi\n";
			showEnvVarsInLog = 0;
		};
		DD2F159C8FBB50DB9B4F113A /* [CP] Copy Pods Resources */ = {
			isa = PBXShellScriptBuildPhase;
			buildActionMask = 2147483647;
			files = (
			);
			inputPaths = (
			);
			name = "[CP] Copy Pods Resources";
			outputPaths = (
			);
			runOnlyForDeploymentPostprocessing = 0;
			shellPath = /bin/sh;
			shellScript = "\"${SRCROOT}/Pods/Target Support Files/Pods-Traffic/Pods-Traffic-resources.sh\"\n";
			showEnvVarsInLog = 0;
		};
/* End PBXShellScriptBuildPhase section */

/* Begin PBXSourcesBuildPhase section */
		5B266F851CFB920E003A3715 /* Sources */ = {
			isa = PBXSourcesBuildPhase;
			buildActionMask = 2147483647;
			files = (
				DE9BE2A31D704600005DF9B1 /* TRFExternalLaunchInfo.m in Sources */,
				5B266FD71CFB9598003A3715 /* TRFRoute.m in Sources */,
				5B668DB21D6EE919008769D3 /* TRFViewControllerIntent.m in Sources */,
				5B668DAE1D6EE421008769D3 /* TRFIntent.m in Sources */,
				5B266FE11CFB96E0003A3715 /* NSURL+TRFRoute.m in Sources */,
				5B266FDB1CFB9598003A3715 /* TRFUIRouter.m in Sources */,
				5B266FDD1CFB9598003A3715 /* TRFViewControllerRouteHandler.m in Sources */,
				5B266FD91CFB9598003A3715 /* TRFRouteHandler.m in Sources */,
			);
			runOnlyForDeploymentPostprocessing = 0;
		};
		5B266F901CFB920E003A3715 /* Sources */ = {
			isa = PBXSourcesBuildPhase;
			buildActionMask = 2147483647;
			files = (
				5B266FE31CFBA254003A3715 /* TRFRouteTests.m in Sources */,
				5B8AB5C71D03108B0072DEA4 /* TRFUIRouterTests.m in Sources */,
				5B266FEA1CFF9FEF003A3715 /* NSURLTRFRouteTests.m in Sources */,
				5B8AB5C51D02CC9F0072DEA4 /* UIWindowTRFViewControllerPresentingTests.m in Sources */,
				5B3D9F5F1D022FAE004B76E3 /* TRFViewControllerRouteHandlerTests.m in Sources */,
				5B3D9F5D1D022C75004B76E3 /* TRFRouteHandlerTests.m in Sources */,
			);
			runOnlyForDeploymentPostprocessing = 0;
		};
/* End PBXSourcesBuildPhase section */

/* Begin PBXTargetDependency section */
		5B266F971CFB920E003A3715 /* PBXTargetDependency */ = {
			isa = PBXTargetDependency;
			target = 5B266F891CFB920E003A3715 /* Traffic */;
			targetProxy = 5B266F961CFB920E003A3715 /* PBXContainerItemProxy */;
		};
/* End PBXTargetDependency section */

/* Begin XCBuildConfiguration section */
		5B266F9C1CFB920E003A3715 /* Debug */ = {
			isa = XCBuildConfiguration;
			buildSettings = {
				ALWAYS_SEARCH_USER_PATHS = NO;
				CLANG_ANALYZER_NONNULL = YES;
				CLANG_CXX_LANGUAGE_STANDARD = "gnu++0x";
				CLANG_CXX_LIBRARY = "libc++";
				CLANG_ENABLE_MODULES = YES;
				CLANG_ENABLE_OBJC_ARC = YES;
				CLANG_WARN_BOOL_CONVERSION = YES;
				CLANG_WARN_CONSTANT_CONVERSION = YES;
				CLANG_WARN_DIRECT_OBJC_ISA_USAGE = YES_ERROR;
				CLANG_WARN_EMPTY_BODY = YES;
				CLANG_WARN_ENUM_CONVERSION = YES;
				CLANG_WARN_INFINITE_RECURSION = YES;
				CLANG_WARN_INT_CONVERSION = YES;
				CLANG_WARN_OBJC_ROOT_CLASS = YES_ERROR;
				CLANG_WARN_SUSPICIOUS_MOVE = YES;
				CLANG_WARN_UNREACHABLE_CODE = YES;
				CLANG_WARN__DUPLICATE_METHOD_MATCH = YES;
				"CODE_SIGN_IDENTITY[sdk=iphoneos*]" = "iPhone Developer";
				COPY_PHASE_STRIP = NO;
				CURRENT_PROJECT_VERSION = 1;
				DEBUG_INFORMATION_FORMAT = dwarf;
				ENABLE_STRICT_OBJC_MSGSEND = YES;
				ENABLE_TESTABILITY = YES;
				GCC_C_LANGUAGE_STANDARD = gnu99;
				GCC_DYNAMIC_NO_PIC = NO;
				GCC_NO_COMMON_BLOCKS = YES;
				GCC_OPTIMIZATION_LEVEL = 0;
				GCC_PREPROCESSOR_DEFINITIONS = (
					"DEBUG=1",
					"$(inherited)",
				);
				GCC_WARN_64_TO_32_BIT_CONVERSION = YES;
				GCC_WARN_ABOUT_RETURN_TYPE = YES_ERROR;
				GCC_WARN_UNDECLARED_SELECTOR = YES;
				GCC_WARN_UNINITIALIZED_AUTOS = YES_AGGRESSIVE;
				GCC_WARN_UNUSED_FUNCTION = YES;
				GCC_WARN_UNUSED_VARIABLE = YES;
				IPHONEOS_DEPLOYMENT_TARGET = 9.3;
				MODULEMAP_FILE = Framework/module.modulemap;
				MTL_ENABLE_DEBUG_INFO = YES;
				ONLY_ACTIVE_ARCH = YES;
				SDKROOT = iphoneos;
				TARGETED_DEVICE_FAMILY = "1,2";
				VERSIONING_SYSTEM = "apple-generic";
				VERSION_INFO_PREFIX = "";
			};
			name = Debug;
		};
		5B266F9D1CFB920E003A3715 /* Release */ = {
			isa = XCBuildConfiguration;
			buildSettings = {
				ALWAYS_SEARCH_USER_PATHS = NO;
				CLANG_ANALYZER_NONNULL = YES;
				CLANG_CXX_LANGUAGE_STANDARD = "gnu++0x";
				CLANG_CXX_LIBRARY = "libc++";
				CLANG_ENABLE_MODULES = YES;
				CLANG_ENABLE_OBJC_ARC = YES;
				CLANG_WARN_BOOL_CONVERSION = YES;
				CLANG_WARN_CONSTANT_CONVERSION = YES;
				CLANG_WARN_DIRECT_OBJC_ISA_USAGE = YES_ERROR;
				CLANG_WARN_EMPTY_BODY = YES;
				CLANG_WARN_ENUM_CONVERSION = YES;
				CLANG_WARN_INFINITE_RECURSION = YES;
				CLANG_WARN_INT_CONVERSION = YES;
				CLANG_WARN_OBJC_ROOT_CLASS = YES_ERROR;
				CLANG_WARN_SUSPICIOUS_MOVE = YES;
				CLANG_WARN_UNREACHABLE_CODE = YES;
				CLANG_WARN__DUPLICATE_METHOD_MATCH = YES;
				"CODE_SIGN_IDENTITY[sdk=iphoneos*]" = "iPhone Developer";
				COPY_PHASE_STRIP = NO;
				CURRENT_PROJECT_VERSION = 1;
				DEBUG_INFORMATION_FORMAT = "dwarf-with-dsym";
				ENABLE_NS_ASSERTIONS = NO;
				ENABLE_STRICT_OBJC_MSGSEND = YES;
				GCC_C_LANGUAGE_STANDARD = gnu99;
				GCC_NO_COMMON_BLOCKS = YES;
				GCC_WARN_64_TO_32_BIT_CONVERSION = YES;
				GCC_WARN_ABOUT_RETURN_TYPE = YES_ERROR;
				GCC_WARN_UNDECLARED_SELECTOR = YES;
				GCC_WARN_UNINITIALIZED_AUTOS = YES_AGGRESSIVE;
				GCC_WARN_UNUSED_FUNCTION = YES;
				GCC_WARN_UNUSED_VARIABLE = YES;
				IPHONEOS_DEPLOYMENT_TARGET = 9.3;
				MODULEMAP_FILE = Framework/module.modulemap;
				MTL_ENABLE_DEBUG_INFO = NO;
				SDKROOT = iphoneos;
				TARGETED_DEVICE_FAMILY = "1,2";
				VALIDATE_PRODUCT = YES;
				VERSIONING_SYSTEM = "apple-generic";
				VERSION_INFO_PREFIX = "";
			};
			name = Release;
		};
		5B266F9F1CFB920E003A3715 /* Debug */ = {
			isa = XCBuildConfiguration;
			baseConfigurationReference = 523FF721C25AA488598387FF /* Pods-Traffic.debug.xcconfig */;
			buildSettings = {
				CLANG_ANALYZER_LOCALIZABILITY_EMPTY_CONTEXT = YES;
				CLANG_ANALYZER_LOCALIZABILITY_NONLOCALIZED = YES;
				CLANG_ANALYZER_SECURITY_FLOATLOOPCOUNTER = YES;
				CLANG_ANALYZER_SECURITY_INSECUREAPI_RAND = YES;
				CLANG_ANALYZER_SECURITY_INSECUREAPI_STRCPY = YES;
				CLANG_STATIC_ANALYZER_MODE = deep;
				CLANG_WARN_ASSIGN_ENUM = YES;
				CLANG_WARN_DEPRECATED_OBJC_IMPLEMENTATIONS = YES;
				CLANG_WARN_IMPLICIT_SIGN_CONVERSION = YES;
				CLANG_WARN_NULLABLE_TO_NONNULL_CONVERSION = YES;
				CLANG_WARN_OBJC_EXPLICIT_OWNERSHIP_TYPE = YES;
				CLANG_WARN_OBJC_IMPLICIT_ATOMIC_PROPERTIES = YES;
				CLANG_WARN_OBJC_IMPLICIT_RETAIN_SELF = YES;
				CLANG_WARN_OBJC_REPEATED_USE_OF_WEAK = YES;
				CLANG_WARN_SUSPICIOUS_IMPLICIT_CONVERSION = YES;
				"CODE_SIGN_IDENTITY[sdk=iphoneos*]" = "";
				DEFINES_MODULE = YES;
				DYLIB_COMPATIBILITY_VERSION = 1;
				DYLIB_CURRENT_VERSION = 1;
				DYLIB_INSTALL_NAME_BASE = "@rpath";
				GCC_TREAT_IMPLICIT_FUNCTION_DECLARATIONS_AS_ERRORS = YES;
				GCC_TREAT_INCOMPATIBLE_POINTER_TYPE_WARNINGS_AS_ERRORS = YES;
				GCC_TREAT_WARNINGS_AS_ERRORS = YES;
				GCC_WARN_ABOUT_MISSING_FIELD_INITIALIZERS = YES;
				GCC_WARN_ABOUT_MISSING_NEWLINE = YES;
				GCC_WARN_ABOUT_MISSING_PROTOTYPES = YES;
				GCC_WARN_FOUR_CHARACTER_CONSTANTS = YES;
				GCC_WARN_INITIALIZER_NOT_FULLY_BRACKETED = YES;
				GCC_WARN_PEDANTIC = YES;
				GCC_WARN_SHADOW = YES;
				GCC_WARN_SIGN_COMPARE = YES;
				GCC_WARN_STRICT_SELECTOR_MATCH = YES;
				GCC_WARN_UNKNOWN_PRAGMAS = YES;
				GCC_WARN_UNUSED_LABEL = YES;
				INFOPLIST_FILE = ./Framework/Info.plist;
				INSTALL_PATH = "$(LOCAL_LIBRARY_DIR)/Frameworks";
				LD_RUNPATH_SEARCH_PATHS = "$(inherited) @executable_path/Frameworks @loader_path/Frameworks";
				PRODUCT_BUNDLE_IDENTIFIER = fr.cocoapps.Traffic;
				PRODUCT_NAME = "$(TARGET_NAME)";
				SKIP_INSTALL = YES;
			};
			name = Debug;
		};
		5B266FA01CFB920E003A3715 /* Release */ = {
			isa = XCBuildConfiguration;
			baseConfigurationReference = 7294690AF0C242B378E24F2D /* Pods-Traffic.release.xcconfig */;
			buildSettings = {
				CLANG_ANALYZER_LOCALIZABILITY_EMPTY_CONTEXT = YES;
				CLANG_ANALYZER_LOCALIZABILITY_NONLOCALIZED = YES;
				CLANG_ANALYZER_SECURITY_FLOATLOOPCOUNTER = YES;
				CLANG_ANALYZER_SECURITY_INSECUREAPI_RAND = YES;
				CLANG_ANALYZER_SECURITY_INSECUREAPI_STRCPY = YES;
				CLANG_STATIC_ANALYZER_MODE = deep;
				CLANG_WARN_ASSIGN_ENUM = YES;
				CLANG_WARN_DEPRECATED_OBJC_IMPLEMENTATIONS = YES;
				CLANG_WARN_IMPLICIT_SIGN_CONVERSION = YES;
				CLANG_WARN_NULLABLE_TO_NONNULL_CONVERSION = YES;
				CLANG_WARN_OBJC_EXPLICIT_OWNERSHIP_TYPE = YES;
				CLANG_WARN_OBJC_IMPLICIT_ATOMIC_PROPERTIES = YES;
				CLANG_WARN_OBJC_IMPLICIT_RETAIN_SELF = YES;
				CLANG_WARN_OBJC_REPEATED_USE_OF_WEAK = YES;
				CLANG_WARN_SUSPICIOUS_IMPLICIT_CONVERSION = YES;
				"CODE_SIGN_IDENTITY[sdk=iphoneos*]" = "";
				DEFINES_MODULE = YES;
				DYLIB_COMPATIBILITY_VERSION = 1;
				DYLIB_CURRENT_VERSION = 1;
				DYLIB_INSTALL_NAME_BASE = "@rpath";
				GCC_TREAT_IMPLICIT_FUNCTION_DECLARATIONS_AS_ERRORS = YES;
				GCC_TREAT_INCOMPATIBLE_POINTER_TYPE_WARNINGS_AS_ERRORS = YES;
				GCC_TREAT_WARNINGS_AS_ERRORS = YES;
				GCC_WARN_ABOUT_MISSING_FIELD_INITIALIZERS = YES;
				GCC_WARN_ABOUT_MISSING_NEWLINE = YES;
				GCC_WARN_ABOUT_MISSING_PROTOTYPES = YES;
				GCC_WARN_FOUR_CHARACTER_CONSTANTS = YES;
				GCC_WARN_INITIALIZER_NOT_FULLY_BRACKETED = YES;
				GCC_WARN_PEDANTIC = YES;
				GCC_WARN_SHADOW = YES;
				GCC_WARN_SIGN_COMPARE = YES;
				GCC_WARN_STRICT_SELECTOR_MATCH = YES;
				GCC_WARN_UNKNOWN_PRAGMAS = YES;
				GCC_WARN_UNUSED_LABEL = YES;
				INFOPLIST_FILE = ./Framework/Info.plist;
				INSTALL_PATH = "$(LOCAL_LIBRARY_DIR)/Frameworks";
				LD_RUNPATH_SEARCH_PATHS = "$(inherited) @executable_path/Frameworks @loader_path/Frameworks";
				PRODUCT_BUNDLE_IDENTIFIER = fr.cocoapps.Traffic;
				PRODUCT_NAME = "$(TARGET_NAME)";
				SKIP_INSTALL = YES;
			};
			name = Release;
		};
		5B266FA21CFB920E003A3715 /* Debug */ = {
			isa = XCBuildConfiguration;
			baseConfigurationReference = CBE18E54650FAC94B805BF10 /* Pods-TrafficTests.debug.xcconfig */;
			buildSettings = {
				INFOPLIST_FILE = ./Tests/Info.plist;
				LD_RUNPATH_SEARCH_PATHS = "$(inherited) @executable_path/Frameworks @loader_path/Frameworks";
				PRODUCT_BUNDLE_IDENTIFIER = fr.cocoapps.TrafficTests;
				PRODUCT_NAME = "$(TARGET_NAME)";
			};
			name = Debug;
		};
		5B266FA31CFB920E003A3715 /* Release */ = {
			isa = XCBuildConfiguration;
			baseConfigurationReference = DCF502E60C3A050EC4D278C0 /* Pods-TrafficTests.release.xcconfig */;
			buildSettings = {
				INFOPLIST_FILE = ./Tests/Info.plist;
				LD_RUNPATH_SEARCH_PATHS = "$(inherited) @executable_path/Frameworks @loader_path/Frameworks";
				PRODUCT_BUNDLE_IDENTIFIER = fr.cocoapps.TrafficTests;
				PRODUCT_NAME = "$(TARGET_NAME)";
			};
			name = Release;
		};
/* End XCBuildConfiguration section */

/* Begin XCConfigurationList section */
		5B266F841CFB920E003A3715 /* Build configuration list for PBXProject "Traffic" */ = {
			isa = XCConfigurationList;
			buildConfigurations = (
				5B266F9C1CFB920E003A3715 /* Debug */,
				5B266F9D1CFB920E003A3715 /* Release */,
			);
			defaultConfigurationIsVisible = 0;
			defaultConfigurationName = Release;
		};
		5B266F9E1CFB920E003A3715 /* Build configuration list for PBXNativeTarget "Traffic" */ = {
			isa = XCConfigurationList;
			buildConfigurations = (
				5B266F9F1CFB920E003A3715 /* Debug */,
				5B266FA01CFB920E003A3715 /* Release */,
			);
			defaultConfigurationIsVisible = 0;
			defaultConfigurationName = Release;
		};
		5B266FA11CFB920E003A3715 /* Build configuration list for PBXNativeTarget "TrafficTests" */ = {
			isa = XCConfigurationList;
			buildConfigurations = (
				5B266FA21CFB920E003A3715 /* Debug */,
				5B266FA31CFB920E003A3715 /* Release */,
			);
			defaultConfigurationIsVisible = 0;
			defaultConfigurationName = Release;
		};
/* End XCConfigurationList section */
	};
	rootObject = 5B266F811CFB920E003A3715 /* Project object */;
}
