// !$*UTF8*$!
{
	archiveVersion = 1;
	classes = {
	};
	objectVersion = 46;
	objects = {

/* Begin PBXBuildFile section */
		5B266FB21CFB949C003A3715 /* main.m in Sources */ = {isa = PBXBuildFile; fileRef = 5B266FB11CFB949C003A3715 /* main.m */; };
		5B266FB51CFB949C003A3715 /* AppDelegate.m in Sources */ = {isa = PBXBuildFile; fileRef = 5B266FB41CFB949C003A3715 /* AppDelegate.m */; };
		5B266FB81CFB949C003A3715 /* ViewController.m in Sources */ = {isa = PBXBuildFile; fileRef = 5B266FB71CFB949C003A3715 /* ViewController.m */; };
		5B266FBB1CFB949C003A3715 /* Main.storyboard in Resources */ = {isa = PBXBuildFile; fileRef = 5B266FB91CFB949C003A3715 /* Main.storyboard */; };
		5B266FBD1CFB949C003A3715 /* Assets.xcassets in Resources */ = {isa = PBXBuildFile; fileRef = 5B266FBC1CFB949C003A3715 /* Assets.xcassets */; };
		5B266FC01CFB949C003A3715 /* LaunchScreen.storyboard in Resources */ = {isa = PBXBuildFile; fileRef = 5B266FBE1CFB949C003A3715 /* LaunchScreen.storyboard */; };
		DE5A05D81D50E96500C97A6F /* TRFSampleTabBarViewController.m in Sources */ = {isa = PBXBuildFile; fileRef = DE5A05D71D50E96500C97A6F /* TRFSampleTabBarViewController.m */; };
		DE5A05DB1D50E9AE00C97A6F /* TRFSampleTab1ViewController.m in Sources */ = {isa = PBXBuildFile; fileRef = DE5A05DA1D50E9AE00C97A6F /* TRFSampleTab1ViewController.m */; };
		DE5A05DE1D50EA0500C97A6F /* TRFSampleTab2ViewController.m in Sources */ = {isa = PBXBuildFile; fileRef = DE5A05DD1D50EA0500C97A6F /* TRFSampleTab2ViewController.m */; };
		DEBE06D71D524E3900149B91 /* TRFSampleTabBarRouteHandler.m in Sources */ = {isa = PBXBuildFile; fileRef = DEBE06D61D524E3900149B91 /* TRFSampleTabBarRouteHandler.m */; };
		DEBE06DA1D5250AF00149B91 /* TRFSampleTabBarRouteContext.m in Sources */ = {isa = PBXBuildFile; fileRef = DEBE06D91D5250AF00149B91 /* TRFSampleTabBarRouteContext.m */; };
		DEEE46031D46736800D7E447 /* NSURL+TRFRoute.m in Sources */ = {isa = PBXBuildFile; fileRef = DEEE45F91D46736800D7E447 /* NSURL+TRFRoute.m */; };
		DEEE46041D46736800D7E447 /* TRFRoute.m in Sources */ = {isa = PBXBuildFile; fileRef = DEEE45FB1D46736800D7E447 /* TRFRoute.m */; };
		DEEE46051D46736800D7E447 /* TRFRouteHandler.m in Sources */ = {isa = PBXBuildFile; fileRef = DEEE45FD1D46736800D7E447 /* TRFRouteHandler.m */; };
		DEEE46061D46736800D7E447 /* TRFUIRouter.m in Sources */ = {isa = PBXBuildFile; fileRef = DEEE45FF1D46736800D7E447 /* TRFUIRouter.m */; };
		DEEE46071D46736800D7E447 /* TRFViewControllerRouteHandler.m in Sources */ = {isa = PBXBuildFile; fileRef = DEEE46011D46736800D7E447 /* TRFViewControllerRouteHandler.m */; };
/* End PBXBuildFile section */

/* Begin PBXFileReference section */
		5B266FAD1CFB949C003A3715 /* TrafficExample.app */ = {isa = PBXFileReference; explicitFileType = wrapper.application; includeInIndex = 0; path = TrafficExample.app; sourceTree = BUILT_PRODUCTS_DIR; };
		5B266FB11CFB949C003A3715 /* main.m */ = {isa = PBXFileReference; lastKnownFileType = sourcecode.c.objc; path = main.m; sourceTree = "<group>"; };
		5B266FB31CFB949C003A3715 /* AppDelegate.h */ = {isa = PBXFileReference; lastKnownFileType = sourcecode.c.h; path = AppDelegate.h; sourceTree = "<group>"; };
		5B266FB41CFB949C003A3715 /* AppDelegate.m */ = {isa = PBXFileReference; lastKnownFileType = sourcecode.c.objc; path = AppDelegate.m; sourceTree = "<group>"; };
		5B266FB61CFB949C003A3715 /* ViewController.h */ = {isa = PBXFileReference; lastKnownFileType = sourcecode.c.h; path = ViewController.h; sourceTree = "<group>"; };
		5B266FB71CFB949C003A3715 /* ViewController.m */ = {isa = PBXFileReference; lastKnownFileType = sourcecode.c.objc; path = ViewController.m; sourceTree = "<group>"; };
		5B266FBA1CFB949C003A3715 /* Base */ = {isa = PBXFileReference; lastKnownFileType = file.storyboard; name = Base; path = Base.lproj/Main.storyboard; sourceTree = "<group>"; };
		5B266FBC1CFB949C003A3715 /* Assets.xcassets */ = {isa = PBXFileReference; lastKnownFileType = folder.assetcatalog; path = Assets.xcassets; sourceTree = "<group>"; };
		5B266FBF1CFB949C003A3715 /* Base */ = {isa = PBXFileReference; lastKnownFileType = file.storyboard; name = Base; path = Base.lproj/LaunchScreen.storyboard; sourceTree = "<group>"; };
		5B266FC11CFB949C003A3715 /* Info.plist */ = {isa = PBXFileReference; lastKnownFileType = text.plist.xml; path = Info.plist; sourceTree = "<group>"; };
		DE5A05D61D50E96500C97A6F /* TRFSampleTabBarViewController.h */ = {isa = PBXFileReference; fileEncoding = 4; lastKnownFileType = sourcecode.c.h; path = TRFSampleTabBarViewController.h; sourceTree = "<group>"; };
		DE5A05D71D50E96500C97A6F /* TRFSampleTabBarViewController.m */ = {isa = PBXFileReference; fileEncoding = 4; lastKnownFileType = sourcecode.c.objc; path = TRFSampleTabBarViewController.m; sourceTree = "<group>"; };
		DE5A05D91D50E9AE00C97A6F /* TRFSampleTab1ViewController.h */ = {isa = PBXFileReference; fileEncoding = 4; lastKnownFileType = sourcecode.c.h; path = TRFSampleTab1ViewController.h; sourceTree = "<group>"; };
		DE5A05DA1D50E9AE00C97A6F /* TRFSampleTab1ViewController.m */ = {isa = PBXFileReference; fileEncoding = 4; lastKnownFileType = sourcecode.c.objc; path = TRFSampleTab1ViewController.m; sourceTree = "<group>"; };
		DE5A05DC1D50EA0500C97A6F /* TRFSampleTab2ViewController.h */ = {isa = PBXFileReference; fileEncoding = 4; lastKnownFileType = sourcecode.c.h; path = TRFSampleTab2ViewController.h; sourceTree = "<group>"; };
		DE5A05DD1D50EA0500C97A6F /* TRFSampleTab2ViewController.m */ = {isa = PBXFileReference; fileEncoding = 4; lastKnownFileType = sourcecode.c.objc; path = TRFSampleTab2ViewController.m; sourceTree = "<group>"; };
		DEBE06D51D524E3900149B91 /* TRFSampleTabBarRouteHandler.h */ = {isa = PBXFileReference; fileEncoding = 4; lastKnownFileType = sourcecode.c.h; path = TRFSampleTabBarRouteHandler.h; sourceTree = "<group>"; };
		DEBE06D61D524E3900149B91 /* TRFSampleTabBarRouteHandler.m */ = {isa = PBXFileReference; fileEncoding = 4; lastKnownFileType = sourcecode.c.objc; path = TRFSampleTabBarRouteHandler.m; sourceTree = "<group>"; };
		DEBE06D81D5250AF00149B91 /* TRFSampleTabBarRouteContext.h */ = {isa = PBXFileReference; fileEncoding = 4; lastKnownFileType = sourcecode.c.h; path = TRFSampleTabBarRouteContext.h; sourceTree = "<group>"; };
		DEBE06D91D5250AF00149B91 /* TRFSampleTabBarRouteContext.m */ = {isa = PBXFileReference; fileEncoding = 4; lastKnownFileType = sourcecode.c.objc; path = TRFSampleTabBarRouteContext.m; sourceTree = "<group>"; };
		DEEE45F81D46736800D7E447 /* NSURL+TRFRoute.h */ = {isa = PBXFileReference; fileEncoding = 4; lastKnownFileType = sourcecode.c.h; path = "NSURL+TRFRoute.h"; sourceTree = "<group>"; };
		DEEE45F91D46736800D7E447 /* NSURL+TRFRoute.m */ = {isa = PBXFileReference; fileEncoding = 4; lastKnownFileType = sourcecode.c.objc; path = "NSURL+TRFRoute.m"; sourceTree = "<group>"; };
		DEEE45FA1D46736800D7E447 /* TRFRoute.h */ = {isa = PBXFileReference; fileEncoding = 4; lastKnownFileType = sourcecode.c.h; path = TRFRoute.h; sourceTree = "<group>"; };
		DEEE45FB1D46736800D7E447 /* TRFRoute.m */ = {isa = PBXFileReference; fileEncoding = 4; lastKnownFileType = sourcecode.c.objc; path = TRFRoute.m; sourceTree = "<group>"; };
		DEEE45FC1D46736800D7E447 /* TRFRouteHandler.h */ = {isa = PBXFileReference; fileEncoding = 4; lastKnownFileType = sourcecode.c.h; path = TRFRouteHandler.h; sourceTree = "<group>"; };
		DEEE45FD1D46736800D7E447 /* TRFRouteHandler.m */ = {isa = PBXFileReference; fileEncoding = 4; lastKnownFileType = sourcecode.c.objc; path = TRFRouteHandler.m; sourceTree = "<group>"; };
		DEEE45FE1D46736800D7E447 /* TRFUIRouter.h */ = {isa = PBXFileReference; fileEncoding = 4; lastKnownFileType = sourcecode.c.h; path = TRFUIRouter.h; sourceTree = "<group>"; };
		DEEE45FF1D46736800D7E447 /* TRFUIRouter.m */ = {isa = PBXFileReference; fileEncoding = 4; lastKnownFileType = sourcecode.c.objc; path = TRFUIRouter.m; sourceTree = "<group>"; };
		DEEE46001D46736800D7E447 /* TRFViewControllerRouteHandler.h */ = {isa = PBXFileReference; fileEncoding = 4; lastKnownFileType = sourcecode.c.h; path = TRFViewControllerRouteHandler.h; sourceTree = "<group>"; };
		DEEE46011D46736800D7E447 /* TRFViewControllerRouteHandler.m */ = {isa = PBXFileReference; fileEncoding = 4; lastKnownFileType = sourcecode.c.objc; path = TRFViewControllerRouteHandler.m; sourceTree = "<group>"; };
		DEEE46081D4673F900D7E447 /* NSURL+TRFRoutePrivate.h */ = {isa = PBXFileReference; fileEncoding = 4; lastKnownFileType = sourcecode.c.h; path = "NSURL+TRFRoutePrivate.h"; sourceTree = "<group>"; };
/* End PBXFileReference section */

/* Begin PBXFrameworksBuildPhase section */
		5B266FAA1CFB949C003A3715 /* Frameworks */ = {
			isa = PBXFrameworksBuildPhase;
			buildActionMask = 2147483647;
			files = (
			);
			runOnlyForDeploymentPostprocessing = 0;
		};
/* End PBXFrameworksBuildPhase section */

/* Begin PBXGroup section */
		5B266FA41CFB949C003A3715 = {
			isa = PBXGroup;
			children = (
				DEEE46091D4673F900D7E447 /* Private */,
				DEEE46021D46736800D7E447 /* Traffic */,
				5B266FAF1CFB949C003A3715 /* TrafficExample */,
				5B266FAE1CFB949C003A3715 /* Products */,
			);
			sourceTree = "<group>";
		};
		5B266FAE1CFB949C003A3715 /* Products */ = {
			isa = PBXGroup;
			children = (
				5B266FAD1CFB949C003A3715 /* TrafficExample.app */,
			);
			name = Products;
			sourceTree = "<group>";
		};
		5B266FAF1CFB949C003A3715 /* TrafficExample */ = {
			isa = PBXGroup;
			children = (
				5B266FB31CFB949C003A3715 /* AppDelegate.h */,
				5B266FB41CFB949C003A3715 /* AppDelegate.m */,
				5B266FB61CFB949C003A3715 /* ViewController.h */,
				5B266FB71CFB949C003A3715 /* ViewController.m */,
				5B266FB91CFB949C003A3715 /* Main.storyboard */,
				5B266FBC1CFB949C003A3715 /* Assets.xcassets */,
				5B266FBE1CFB949C003A3715 /* LaunchScreen.storyboard */,
				5B266FC11CFB949C003A3715 /* Info.plist */,
				5B266FB01CFB949C003A3715 /* Supporting Files */,
				DE5A05D61D50E96500C97A6F /* TRFSampleTabBarViewController.h */,
				DE5A05D71D50E96500C97A6F /* TRFSampleTabBarViewController.m */,
				DE5A05D91D50E9AE00C97A6F /* TRFSampleTab1ViewController.h */,
				DE5A05DA1D50E9AE00C97A6F /* TRFSampleTab1ViewController.m */,
				DE5A05DC1D50EA0500C97A6F /* TRFSampleTab2ViewController.h */,
				DE5A05DD1D50EA0500C97A6F /* TRFSampleTab2ViewController.m */,
				DEBE06D51D524E3900149B91 /* TRFSampleTabBarRouteHandler.h */,
				DEBE06D61D524E3900149B91 /* TRFSampleTabBarRouteHandler.m */,
				DEBE06D81D5250AF00149B91 /* TRFSampleTabBarRouteContext.h */,
				DEBE06D91D5250AF00149B91 /* TRFSampleTabBarRouteContext.m */,
			);
			path = TrafficExample;
			sourceTree = "<group>";
		};
		5B266FB01CFB949C003A3715 /* Supporting Files */ = {
			isa = PBXGroup;
			children = (
				5B266FB11CFB949C003A3715 /* main.m */,
			);
			name = "Supporting Files";
			sourceTree = "<group>";
		};
		DEEE46021D46736800D7E447 /* Traffic */ = {
			isa = PBXGroup;
			children = (
				DEEE45F81D46736800D7E447 /* NSURL+TRFRoute.h */,
				DEEE45F91D46736800D7E447 /* NSURL+TRFRoute.m */,
				DEEE45FA1D46736800D7E447 /* TRFRoute.h */,
				DEEE45FB1D46736800D7E447 /* TRFRoute.m */,
				DEEE45FC1D46736800D7E447 /* TRFRouteHandler.h */,
				DEEE45FD1D46736800D7E447 /* TRFRouteHandler.m */,
				DEEE45FE1D46736800D7E447 /* TRFUIRouter.h */,
				DEEE45FF1D46736800D7E447 /* TRFUIRouter.m */,
				DEEE46001D46736800D7E447 /* TRFViewControllerRouteHandler.h */,
				DEEE46011D46736800D7E447 /* TRFViewControllerRouteHandler.m */,
			);
			name = Traffic;
			path = ../Traffic;
			sourceTree = "<group>";
		};
		DEEE46091D4673F900D7E447 /* Private */ = {
			isa = PBXGroup;
			children = (
				DEEE46081D4673F900D7E447 /* NSURL+TRFRoutePrivate.h */,
			);
			name = Private;
			path = ../Private;
			sourceTree = "<group>";
		};
/* End PBXGroup section */

/* Begin PBXNativeTarget section */
		5B266FAC1CFB949C003A3715 /* TrafficExample */ = {
			isa = PBXNativeTarget;
			buildConfigurationList = 5B266FC41CFB949C003A3715 /* Build configuration list for PBXNativeTarget "TrafficExample" */;
			buildPhases = (
				5B266FA91CFB949C003A3715 /* Sources */,
				5B266FAA1CFB949C003A3715 /* Frameworks */,
				5B266FAB1CFB949C003A3715 /* Resources */,
			);
			buildRules = (
			);
			dependencies = (
			);
			name = TrafficExample;
			productName = TrafficExample;
			productReference = 5B266FAD1CFB949C003A3715 /* TrafficExample.app */;
			productType = "com.apple.product-type.application";
		};
/* End PBXNativeTarget section */

/* Begin PBXProject section */
		5B266FA51CFB949C003A3715 /* Project object */ = {
			isa = PBXProject;
			attributes = {
				LastUpgradeCheck = 0730;
				ORGANIZATIONNAME = Cocoapps;
				TargetAttributes = {
					5B266FAC1CFB949C003A3715 = {
						CreatedOnToolsVersion = 7.3.1;
					};
				};
			};
			buildConfigurationList = 5B266FA81CFB949C003A3715 /* Build configuration list for PBXProject "TrafficExample" */;
			compatibilityVersion = "Xcode 3.2";
			developmentRegion = English;
			hasScannedForEncodings = 0;
			knownRegions = (
				en,
				Base,
			);
			mainGroup = 5B266FA41CFB949C003A3715;
			productRefGroup = 5B266FAE1CFB949C003A3715 /* Products */;
			projectDirPath = "";
			projectRoot = "";
			targets = (
				5B266FAC1CFB949C003A3715 /* TrafficExample */,
			);
		};
/* End PBXProject section */

/* Begin PBXResourcesBuildPhase section */
		5B266FAB1CFB949C003A3715 /* Resources */ = {
			isa = PBXResourcesBuildPhase;
			buildActionMask = 2147483647;
			files = (
				5B266FC01CFB949C003A3715 /* LaunchScreen.storyboard in Resources */,
				5B266FBD1CFB949C003A3715 /* Assets.xcassets in Resources */,
				5B266FBB1CFB949C003A3715 /* Main.storyboard in Resources */,
			);
			runOnlyForDeploymentPostprocessing = 0;
		};
/* End PBXResourcesBuildPhase section */

/* Begin PBXSourcesBuildPhase section */
		5B266FA91CFB949C003A3715 /* Sources */ = {
			isa = PBXSourcesBuildPhase;
			buildActionMask = 2147483647;
			files = (
				DEEE46041D46736800D7E447 /* TRFRoute.m in Sources */,
				DEEE46051D46736800D7E447 /* TRFRouteHandler.m in Sources */,
				DEEE46071D46736800D7E447 /* TRFViewControllerRouteHandler.m in Sources */,
				DEBE06DA1D5250AF00149B91 /* TRFSampleTabBarRouteContext.m in Sources */,
				DE5A05DB1D50E9AE00C97A6F /* TRFSampleTab1ViewController.m in Sources */,
				5B266FB81CFB949C003A3715 /* ViewController.m in Sources */,
				DEEE46031D46736800D7E447 /* NSURL+TRFRoute.m in Sources */,
				DE5A05DE1D50EA0500C97A6F /* TRFSampleTab2ViewController.m in Sources */,
				DEBE06D71D524E3900149B91 /* TRFSampleTabBarRouteHandler.m in Sources */,
				5B266FB51CFB949C003A3715 /* AppDelegate.m in Sources */,
				DE5A05D81D50E96500C97A6F /* TRFSampleTabBarViewController.m in Sources */,
				5B266FB21CFB949C003A3715 /* main.m in Sources */,
				DEEE46061D46736800D7E447 /* TRFUIRouter.m in Sources */,
			);
			runOnlyForDeploymentPostprocessing = 0;
		};
/* End PBXSourcesBuildPhase section */

/* Begin PBXVariantGroup section */
		5B266FB91CFB949C003A3715 /* Main.storyboard */ = {
			isa = PBXVariantGroup;
			children = (
				5B266FBA1CFB949C003A3715 /* Base */,
			);
			name = Main.storyboard;
			sourceTree = "<group>";
		};
		5B266FBE1CFB949C003A3715 /* LaunchScreen.storyboard */ = {
			isa = PBXVariantGroup;
			children = (
				5B266FBF1CFB949C003A3715 /* Base */,
			);
			name = LaunchScreen.storyboard;
			sourceTree = "<group>";
		};
/* End PBXVariantGroup section */

/* Begin XCBuildConfiguration section */
		5B266FC21CFB949C003A3715 /* Debug */ = {
			isa = XCBuildConfiguration;
			buildSettings = {
				ALWAYS_SEARCH_USER_PATHS = NO;
				CLANG_ANALYZER_NONNULL = YES;
				CLANG_CXX_LANGUAGE_STANDARD = "gnu++0x";
				CLANG_CXX_LIBRARY = "libc++";
				CLANG_ENABLE_MODULES = YES;
				CLANG_ENABLE_OBJC_ARC = YES;
				CLANG_WARN_BOOL_CONVERSION = YES;
				CLANG_WARN_CONSTANT_CONVERSION = YES;
				CLANG_WARN_DIRECT_OBJC_ISA_USAGE = YES_ERROR;
				CLANG_WARN_EMPTY_BODY = YES;
				CLANG_WARN_ENUM_CONVERSION = YES;
				CLANG_WARN_INT_CONVERSION = YES;
				CLANG_WARN_OBJC_ROOT_CLASS = YES_ERROR;
				CLANG_WARN_UNREACHABLE_CODE = YES;
				CLANG_WARN__DUPLICATE_METHOD_MATCH = YES;
				"CODE_SIGN_IDENTITY[sdk=iphoneos*]" = "iPhone Developer";
				COPY_PHASE_STRIP = NO;
				DEBUG_INFORMATION_FORMAT = dwarf;
				ENABLE_STRICT_OBJC_MSGSEND = YES;
				ENABLE_TESTABILITY = YES;
				GCC_C_LANGUAGE_STANDARD = gnu99;
				GCC_DYNAMIC_NO_PIC = NO;
				GCC_NO_COMMON_BLOCKS = YES;
				GCC_OPTIMIZATION_LEVEL = 0;
				GCC_PREPROCESSOR_DEFINITIONS = (
					"DEBUG=1",
					"$(inherited)",
				);
				GCC_WARN_64_TO_32_BIT_CONVERSION = YES;
				GCC_WARN_ABOUT_RETURN_TYPE = YES_ERROR;
				GCC_WARN_UNDECLARED_SELECTOR = YES;
				GCC_WARN_UNINITIALIZED_AUTOS = YES_AGGRESSIVE;
				GCC_WARN_UNUSED_FUNCTION = YES;
				GCC_WARN_UNUSED_VARIABLE = YES;
				IPHONEOS_DEPLOYMENT_TARGET = 9.3;
				MTL_ENABLE_DEBUG_INFO = YES;
				ONLY_ACTIVE_ARCH = YES;
				SDKROOT = iphoneos;
				TARGETED_DEVICE_FAMILY = "1,2";
			};
			name = Debug;
		};
		5B266FC31CFB949C003A3715 /* Release */ = {
			isa = XCBuildConfiguration;
			buildSettings = {
				ALWAYS_SEARCH_USER_PATHS = NO;
				CLANG_ANALYZER_NONNULL = YES;
				CLANG_CXX_LANGUAGE_STANDARD = "gnu++0x";
				CLANG_CXX_LIBRARY = "libc++";
				CLANG_ENABLE_MODULES = YES;
				CLANG_ENABLE_OBJC_ARC = YES;
				CLANG_WARN_BOOL_CONVERSION = YES;
				CLANG_WARN_CONSTANT_CONVERSION = YES;
				CLANG_WARN_DIRECT_OBJC_ISA_USAGE = YES_ERROR;
				CLANG_WARN_EMPTY_BODY = YES;
				CLANG_WARN_ENUM_CONVERSION = YES;
				CLANG_WARN_INT_CONVERSION = YES;
				CLANG_WARN_OBJC_ROOT_CLASS = YES_ERROR;
				CLANG_WARN_UNREACHABLE_CODE = YES;
				CLANG_WARN__DUPLICATE_METHOD_MATCH = YES;
				"CODE_SIGN_IDENTITY[sdk=iphoneos*]" = "iPhone Developer";
				COPY_PHASE_STRIP = NO;
				DEBUG_INFORMATION_FORMAT = "dwarf-with-dsym";
				ENABLE_NS_ASSERTIONS = NO;
				ENABLE_STRICT_OBJC_MSGSEND = YES;
				GCC_C_LANGUAGE_STANDARD = gnu99;
				GCC_NO_COMMON_BLOCKS = YES;
				GCC_WARN_64_TO_32_BIT_CONVERSION = YES;
				GCC_WARN_ABOUT_RETURN_TYPE = YES_ERROR;
				GCC_WARN_UNDECLARED_SELECTOR = YES;
				GCC_WARN_UNINITIALIZED_AUTOS = YES_AGGRESSIVE;
				GCC_WARN_UNUSED_FUNCTION = YES;
				GCC_WARN_UNUSED_VARIABLE = YES;
				IPHONEOS_DEPLOYMENT_TARGET = 9.3;
				MTL_ENABLE_DEBUG_INFO = NO;
				SDKROOT = iphoneos;
				TARGETED_DEVICE_FAMILY = "1,2";
				VALIDATE_PRODUCT = YES;
			};
			name = Release;
		};
		5B266FC51CFB949C003A3715 /* Debug */ = {
			isa = XCBuildConfiguration;
			buildSettings = {
				ASSETCATALOG_COMPILER_APPICON_NAME = AppIcon;
				INFOPLIST_FILE = TrafficExample/Info.plist;
				LD_RUNPATH_SEARCH_PATHS = "$(inherited) @executable_path/Frameworks";
				PRODUCT_BUNDLE_IDENTIFIER = fr.cocoapps.TrafficExample;
				PRODUCT_NAME = "$(TARGET_NAME)";
			};
			name = Debug;
		};
		5B266FC61CFB949C003A3715 /* Release */ = {
			isa = XCBuildConfiguration;
			buildSettings = {
				ASSETCATALOG_COMPILER_APPICON_NAME = AppIcon;
				INFOPLIST_FILE = TrafficExample/Info.plist;
				LD_RUNPATH_SEARCH_PATHS = "$(inherited) @executable_path/Frameworks";
				PRODUCT_BUNDLE_IDENTIFIER = fr.cocoapps.TrafficExample;
				PRODUCT_NAME = "$(TARGET_NAME)";
			};
			name = Release;
		};
/* End XCBuildConfiguration section */

/* Begin XCConfigurationList section */
		5B266FA81CFB949C003A3715 /* Build configuration list for PBXProject "TrafficExample" */ = {
			isa = XCConfigurationList;
			buildConfigurations = (
				5B266FC21CFB949C003A3715 /* Debug */,
				5B266FC31CFB949C003A3715 /* Release */,
			);
			defaultConfigurationIsVisible = 0;
			defaultConfigurationName = Release;
		};
		5B266FC41CFB949C003A3715 /* Build configuration list for PBXNativeTarget "TrafficExample" */ = {
			isa = XCConfigurationList;
			buildConfigurations = (
				5B266FC51CFB949C003A3715 /* Debug */,
				5B266FC61CFB949C003A3715 /* Release */,
			);
			defaultConfigurationIsVisible = 0;
			defaultConfigurationName = Release;
		};
/* End XCConfigurationList section */
	};
	rootObject = 5B266FA51CFB949C003A3715 /* Project object */;
}
